
Microsoft Visual Studio Solution File, Format Version 12.00
# Visual Studio Version 16
VisualStudioVersion = 16.0.30204.135
MinimumVisualStudioVersion = 10.0.40219.1
Project("{FAE04EC0-301F-11D3-BF4B-00C04F79EFBC}") = "AutoMVC", "AutoMVC.csproj", "{000ADA9D-108F-4FBE-990C-791CF819AEE7}"
EndProject
Global
	GlobalSection(SolutionConfigurationPlatforms) = preSolution
		Debug|Any CPU = Debug|Any CPU
		Release|Any CPU = Release|Any CPU
	EndGlobalSection
	GlobalSection(ProjectConfigurationPlatforms) = postSolution
		{000ADA9D-108F-4FBE-990C-791CF819AEE7}.Debug|Any CPU.ActiveCfg = Debug|Any CPU
		{000ADA9D-108F-4FBE-990C-791CF819AEE7}.Debug|Any CPU.Build.0 = Debug|Any CPU
		{000ADA9D-108F-4FBE-990C-791CF819AEE7}.Release|Any CPU.ActiveCfg = Release|Any CPU
		{000ADA9D-108F-4FBE-990C-791CF819AEE7}.Release|Any CPU.Build.0 = Release|Any CPU
	EndGlobalSection
	GlobalSection(SolutionProperties) = preSolution
		HideSolutionNode = FALSE
	EndGlobalSection
	GlobalSection(ExtensibilityGlobals) = postSolution
		SolutionGuid = {B2D6366A-D936-43CF-A8A6-6479F3382F37}
	EndGlobalSection
EndGlobal
